
Microsoft Visual Studio Solution File, Format Version 12.00
# Visual Studio Version 17
VisualStudioVersion = 17.7.34202.233
MinimumVisualStudioVersion = 10.0.40219.1
Project("{FAE04EC0-301F-11D3-BF4B-00C04F79EFBC}") = "KafeOnline6", "KafeOnline6\KafeOnline6.csproj", "{814C8AFD-269F-438A-9E59-19DBEE08A758}"
EndProject
Project("{FAE04EC0-301F-11D3-BF4B-00C04F79EFBC}") = "KafeOnline6.Data", "KafeOnline6.Data\KafeOnline6.Data.csproj", "{22A256FC-2416-4162-B617-0E7EC5F1BC30}"
EndProject
Global
	GlobalSection(SolutionConfigurationPlatforms) = preSolution
		Debug|Any CPU = Debug|Any CPU
		Release|Any CPU = Release|Any CPU
	EndGlobalSection
	GlobalSection(ProjectConfigurationPlatforms) = postSolution
		{814C8AFD-269F-438A-9E59-19DBEE08A758}.Debug|Any CPU.ActiveCfg = Debug|Any CPU
		{814C8AFD-269F-438A-9E59-19DBEE08A758}.Debug|Any CPU.Build.0 = Debug|Any CPU
		{814C8AFD-269F-438A-9E59-19DBEE08A758}.Release|Any CPU.ActiveCfg = Release|Any CPU
		{814C8AFD-269F-438A-9E59-19DBEE08A758}.Release|Any CPU.Build.0 = Release|Any CPU
		{22A256FC-2416-4162-B617-0E7EC5F1BC30}.Debug|Any CPU.ActiveCfg = Debug|Any CPU
		{22A256FC-2416-4162-B617-0E7EC5F1BC30}.Debug|Any CPU.Build.0 = Debug|Any CPU
		{22A256FC-2416-4162-B617-0E7EC5F1BC30}.Release|Any CPU.ActiveCfg = Release|Any CPU
		{22A256FC-2416-4162-B617-0E7EC5F1BC30}.Release|Any CPU.Build.0 = Release|Any CPU
	EndGlobalSection
	GlobalSection(SolutionProperties) = preSolution
		HideSolutionNode = FALSE
	EndGlobalSection
	GlobalSection(ExtensibilityGlobals) = postSolution
		SolutionGuid = {E52F34D4-C1ED-4922-9642-6DCCD6BA3DD6}
	EndGlobalSection
EndGlobal
